
Microsoft Visual Studio Solution File, Format Version 12.00
# Visual Studio Version 17
VisualStudioVersion = 17.12.35309.182
MinimumVisualStudioVersion = 10.0.40219.1
Project("{2150E333-8FDC-42A3-9474-1A3956D46DE8}") = "Demo1", "Demo1", "{7E304608-23C0-4451-A2E4-E29659A9503B}"
EndProject
Project("{2150E333-8FDC-42A3-9474-1A3956D46DE8}") = "Demo2", "Demo2", "{81A6F279-194B-4BA6-B1C1-335C0124F029}"
EndProject
Project("{FAE04EC0-301F-11D3-BF4B-00C04F79EFBC}") = "Dottor.Blazor.Demo1", "src\Dottor.Blazor.Demo1\Dottor.Blazor.Demo1\Dottor.Blazor.Demo1.csproj", "{B056530D-C8C1-4910-A9AB-970E05BBD31F}"
EndProject
Project("{FAE04EC0-301F-11D3-BF4B-00C04F79EFBC}") = "Dottor.Blazor.Demo1.Client", "src\Dottor.Blazor.Demo1\Dottor.Blazor.Demo1.Client\Dottor.Blazor.Demo1.Client.csproj", "{EA01B161-D34B-435A-8E89-C68D11B9242F}"
EndProject
Project("{FAE04EC0-301F-11D3-BF4B-00C04F79EFBC}") = "Dottor.Blazor.Demo2", "src\Dottor.Blazor.Demo2\Dottor.Blazor.Demo2\Dottor.Blazor.Demo2.csproj", "{E9546B84-BE47-4079-8DBC-67EA46EA42B7}"
EndProject
Project("{FAE04EC0-301F-11D3-BF4B-00C04F79EFBC}") = "Dottor.Blazor.Demo2.Client", "src\Dottor.Blazor.Demo2\Dottor.Blazor.Demo2.Client\Dottor.Blazor.Demo2.Client.csproj", "{77F2BC8E-6EE2-4D54-809D-AF50B25CC835}"
EndProject
Global
	GlobalSection(SolutionConfigurationPlatforms) = preSolution
		Debug|Any CPU = Debug|Any CPU
		Release|Any CPU = Release|Any CPU
	EndGlobalSection
	GlobalSection(ProjectConfigurationPlatforms) = postSolution
		{B056530D-C8C1-4910-A9AB-970E05BBD31F}.Debug|Any CPU.ActiveCfg = Debug|Any CPU
		{B056530D-C8C1-4910-A9AB-970E05BBD31F}.Debug|Any CPU.Build.0 = Debug|Any CPU
		{B056530D-C8C1-4910-A9AB-970E05BBD31F}.Release|Any CPU.ActiveCfg = Release|Any CPU
		{B056530D-C8C1-4910-A9AB-970E05BBD31F}.Release|Any CPU.Build.0 = Release|Any CPU
		{EA01B161-D34B-435A-8E89-C68D11B9242F}.Debug|Any CPU.ActiveCfg = Debug|Any CPU
		{EA01B161-D34B-435A-8E89-C68D11B9242F}.Debug|Any CPU.Build.0 = Debug|Any CPU
		{EA01B161-D34B-435A-8E89-C68D11B9242F}.Release|Any CPU.ActiveCfg = Release|Any CPU
		{EA01B161-D34B-435A-8E89-C68D11B9242F}.Release|Any CPU.Build.0 = Release|Any CPU
		{E9546B84-BE47-4079-8DBC-67EA46EA42B7}.Debug|Any CPU.ActiveCfg = Debug|Any CPU
		{E9546B84-BE47-4079-8DBC-67EA46EA42B7}.Debug|Any CPU.Build.0 = Debug|Any CPU
		{E9546B84-BE47-4079-8DBC-67EA46EA42B7}.Release|Any CPU.ActiveCfg = Release|Any CPU
		{E9546B84-BE47-4079-8DBC-67EA46EA42B7}.Release|Any CPU.Build.0 = Release|Any CPU
		{77F2BC8E-6EE2-4D54-809D-AF50B25CC835}.Debug|Any CPU.ActiveCfg = Debug|Any CPU
		{77F2BC8E-6EE2-4D54-809D-AF50B25CC835}.Debug|Any CPU.Build.0 = Debug|Any CPU
		{77F2BC8E-6EE2-4D54-809D-AF50B25CC835}.Release|Any CPU.ActiveCfg = Release|Any CPU
		{77F2BC8E-6EE2-4D54-809D-AF50B25CC835}.Release|Any CPU.Build.0 = Release|Any CPU
	EndGlobalSection
	GlobalSection(SolutionProperties) = preSolution
		HideSolutionNode = FALSE
	EndGlobalSection
	GlobalSection(NestedProjects) = preSolution
		{B056530D-C8C1-4910-A9AB-970E05BBD31F} = {7E304608-23C0-4451-A2E4-E29659A9503B}
		{EA01B161-D34B-435A-8E89-C68D11B9242F} = {7E304608-23C0-4451-A2E4-E29659A9503B}
		{E9546B84-BE47-4079-8DBC-67EA46EA42B7} = {81A6F279-194B-4BA6-B1C1-335C0124F029}
		{77F2BC8E-6EE2-4D54-809D-AF50B25CC835} = {81A6F279-194B-4BA6-B1C1-335C0124F029}
	EndGlobalSection
	GlobalSection(ExtensibilityGlobals) = postSolution
		SolutionGuid = {0711D12B-F46E-4F16-BDC9-9418ED30FB89}
	EndGlobalSection
EndGlobal
